// !$*UTF8*$!
{
	archiveVersion = 1;
	classes = {
	};
	objectVersion = 55;
	objects = {

/* Begin PBXBuildFile section */
		B0D76E6A2A487C06004F6099 /* AppDelegate.swift in Sources */ = {isa = PBXBuildFile; fileRef = B0D76E692A487C06004F6099 /* AppDelegate.swift */; };
		B0D76E6C2A487C06004F6099 /* SceneDelegate.swift in Sources */ = {isa = PBXBuildFile; fileRef = B0D76E6B2A487C06004F6099 /* SceneDelegate.swift */; };
		B0D76E6E2A487C06004F6099 /* ViewController.swift in Sources */ = {isa = PBXBuildFile; fileRef = B0D76E6D2A487C06004F6099 /* ViewController.swift */; };
		B0D76E712A487C06004F6099 /* Main.storyboard in Resources */ = {isa = PBXBuildFile; fileRef = B0D76E6F2A487C06004F6099 /* Main.storyboard */; };
		B0D76E732A487C06004F6099 /* Assets.xcassets in Resources */ = {isa = PBXBuildFile; fileRef = B0D76E722A487C06004F6099 /* Assets.xcassets */; };
		B0D76E762A487C06004F6099 /* LaunchScreen.storyboard in Resources */ = {isa = PBXBuildFile; fileRef = B0D76E742A487C06004F6099 /* LaunchScreen.storyboard */; };
		B0D76E812A487C06004F6099 /* _6_testTests.swift in Sources */ = {isa = PBXBuildFile; fileRef = B0D76E802A487C06004F6099 /* _6_testTests.swift */; };
		B0D76E8B2A487C06004F6099 /* _6_testUITests.swift in Sources */ = {isa = PBXBuildFile; fileRef = B0D76E8A2A487C06004F6099 /* _6_testUITests.swift */; };
		B0D76E8D2A487C06004F6099 /* _6_testUITestsLaunchTests.swift in Sources */ = {isa = PBXBuildFile; fileRef = B0D76E8C2A487C06004F6099 /* _6_testUITestsLaunchTests.swift */; };
/* End PBXBuildFile section */

/* Begin PBXContainerItemProxy section */
		B0D76E7D2A487C06004F6099 /* PBXContainerItemProxy */ = {
			isa = PBXContainerItemProxy;
			containerPortal = B0D76E5E2A487C06004F6099 /* Project object */;
			proxyType = 1;
			remoteGlobalIDString = B0D76E652A487C06004F6099;
			remoteInfo = 16_test;
		};
		B0D76E872A487C06004F6099 /* PBXContainerItemProxy */ = {
			isa = PBXContainerItemProxy;
			containerPortal = B0D76E5E2A487C06004F6099 /* Project object */;
			proxyType = 1;
			remoteGlobalIDString = B0D76E652A487C06004F6099;
			remoteInfo = 16_test;
		};
/* End PBXContainerItemProxy section */

/* Begin PBXFileReference section */
		B0D76E662A487C06004F6099 /* 16_test.app */ = {isa = PBXFileReference; explicitFileType = wrapper.application; includeInIndex = 0; path = 16_test.app; sourceTree = BUILT_PRODUCTS_DIR; };
		B0D76E692A487C06004F6099 /* AppDelegate.swift */ = {isa = PBXFileReference; lastKnownFileType = sourcecode.swift; path = AppDelegate.swift; sourceTree = "<group>"; };
		B0D76E6B2A487C06004F6099 /* SceneDelegate.swift */ = {isa = PBXFileReference; lastKnownFileType = sourcecode.swift; path = SceneDelegate.swift; sourceTree = "<group>"; };
		B0D76E6D2A487C06004F6099 /* ViewController.swift */ = {isa = PBXFileReference; lastKnownFileType = sourcecode.swift; path = ViewController.swift; sourceTree = "<group>"; };
		B0D76E702A487C06004F6099 /* Base */ = {isa = PBXFileReference; lastKnownFileType = file.storyboard; name = Base; path = Base.lproj/Main.storyboard; sourceTree = "<group>"; };
		B0D76E722A487C06004F6099 /* Assets.xcassets */ = {isa = PBXFileReference; lastKnownFileType = folder.assetcatalog; path = Assets.xcassets; sourceTree = "<group>"; };
		B0D76E752A487C06004F6099 /* Base */ = {isa = PBXFileReference; lastKnownFileType = file.storyboard; name = Base; path = Base.lproj/LaunchScreen.storyboard; sourceTree = "<group>"; };
		B0D76E772A487C06004F6099 /* Info.plist */ = {isa = PBXFileReference; lastKnownFileType = text.plist.xml; path = Info.plist; sourceTree = "<group>"; };
		B0D76E7C2A487C06004F6099 /* 16_testTests.xctest */ = {isa = PBXFileReference; explicitFileType = wrapper.cfbundle; includeInIndex = 0; path = 16_testTests.xctest; sourceTree = BUILT_PRODUCTS_DIR; };
		B0D76E802A487C06004F6099 /* _6_testTests.swift */ = {isa = PBXFileReference; lastKnownFileType = sourcecode.swift; path = _6_testTests.swift; sourceTree = "<group>"; };
		B0D76E862A487C06004F6099 /* 16_testUITests.xctest */ = {isa = PBXFileReference; explicitFileType = wrapper.cfbundle; includeInIndex = 0; path = 16_testUITests.xctest; sourceTree = BUILT_PRODUCTS_DIR; };
		B0D76E8A2A487C06004F6099 /* _6_testUITests.swift */ = {isa = PBXFileReference; lastKnownFileType = sourcecode.swift; path = _6_testUITests.swift; sourceTree = "<group>"; };
		B0D76E8C2A487C06004F6099 /* _6_testUITestsLaunchTests.swift */ = {isa = PBXFileReference; lastKnownFileType = sourcecode.swift; path = _6_testUITestsLaunchTests.swift; sourceTree = "<group>"; };
/* End PBXFileReference section */

/* Begin PBXFrameworksBuildPhase section */
		B0D76E632A487C06004F6099 /* Frameworks */ = {
			isa = PBXFrameworksBuildPhase;
			buildActionMask = 2147483647;
			files = (
			);
			runOnlyForDeploymentPostprocessing = 0;
		};
		B0D76E792A487C06004F6099 /* Frameworks */ = {
			isa = PBXFrameworksBuildPhase;
			buildActionMask = 2147483647;
			files = (
			);
			runOnlyForDeploymentPostprocessing = 0;
		};
		B0D76E832A487C06004F6099 /* Frameworks */ = {
			isa = PBXFrameworksBuildPhase;
			buildActionMask = 2147483647;
			files = (
			);
			runOnlyForDeploymentPostprocessing = 0;
		};
/* End PBXFrameworksBuildPhase section */

/* Begin PBXGroup section */
		B0D76E5D2A487C06004F6099 = {
			isa = PBXGroup;
			children = (
				B0D76E682A487C06004F6099 /* 16_test */,
				B0D76E7F2A487C06004F6099 /* 16_testTests */,
				B0D76E892A487C06004F6099 /* 16_testUITests */,
				B0D76E672A487C06004F6099 /* Products */,
			);
			sourceTree = "<group>";
		};
		B0D76E672A487C06004F6099 /* Products */ = {
			isa = PBXGroup;
			children = (
				B0D76E662A487C06004F6099 /* 16_test.app */,
				B0D76E7C2A487C06004F6099 /* 16_testTests.xctest */,
				B0D76E862A487C06004F6099 /* 16_testUITests.xctest */,
			);
			name = Products;
			sourceTree = "<group>";
		};
		B0D76E682A487C06004F6099 /* 16_test */ = {
			isa = PBXGroup;
			children = (
				B0D76E692A487C06004F6099 /* AppDelegate.swift */,
				B0D76E6B2A487C06004F6099 /* SceneDelegate.swift */,
				B0D76E6D2A487C06004F6099 /* ViewController.swift */,
				B0D76E6F2A487C06004F6099 /* Main.storyboard */,
				B0D76E722A487C06004F6099 /* Assets.xcassets */,
				B0D76E742A487C06004F6099 /* LaunchScreen.storyboard */,
				B0D76E772A487C06004F6099 /* Info.plist */,
			);
			path = 16_test;
			sourceTree = "<group>";
		};
		B0D76E7F2A487C06004F6099 /* 16_testTests */ = {
			isa = PBXGroup;
			children = (
				B0D76E802A487C06004F6099 /* _6_testTests.swift */,
			);
			path = 16_testTests;
			sourceTree = "<group>";
		};
		B0D76E892A487C06004F6099 /* 16_testUITests */ = {
			isa = PBXGroup;
			children = (
				B0D76E8A2A487C06004F6099 /* _6_testUITests.swift */,
				B0D76E8C2A487C06004F6099 /* _6_testUITestsLaunchTests.swift */,
			);
			path = 16_testUITests;
			sourceTree = "<group>";
		};
/* End PBXGroup section */

/* Begin PBXNativeTarget section */
		B0D76E652A487C06004F6099 /* 16_test */ = {
			isa = PBXNativeTarget;
			buildConfigurationList = B0D76E902A487C06004F6099 /* Build configuration list for PBXNativeTarget "16_test" */;
			buildPhases = (
				B0D76E622A487C06004F6099 /* Sources */,
				B0D76E632A487C06004F6099 /* Frameworks */,
				B0D76E642A487C06004F6099 /* Resources */,
			);
			buildRules = (
			);
			dependencies = (
			);
			name = 16_test;
			productName = 16_test;
			productReference = B0D76E662A487C06004F6099 /* 16_test.app */;
			productType = "com.apple.product-type.application";
		};
		B0D76E7B2A487C06004F6099 /* 16_testTests */ = {
			isa = PBXNativeTarget;
			buildConfigurationList = B0D76E932A487C06004F6099 /* Build configuration list for PBXNativeTarget "16_testTests" */;
			buildPhases = (
				B0D76E782A487C06004F6099 /* Sources */,
				B0D76E792A487C06004F6099 /* Frameworks */,
				B0D76E7A2A487C06004F6099 /* Resources */,
			);
			buildRules = (
			);
			dependencies = (
				B0D76E7E2A487C06004F6099 /* PBXTargetDependency */,
			);
			name = 16_testTests;
			productName = 16_testTests;
			productReference = B0D76E7C2A487C06004F6099 /* 16_testTests.xctest */;
			productType = "com.apple.product-type.bundle.unit-test";
		};
		B0D76E852A487C06004F6099 /* 16_testUITests */ = {
			isa = PBXNativeTarget;
			buildConfigurationList = B0D76E962A487C06004F6099 /* Build configuration list for PBXNativeTarget "16_testUITests" */;
			buildPhases = (
				B0D76E822A487C06004F6099 /* Sources */,
				B0D76E832A487C06004F6099 /* Frameworks */,
				B0D76E842A487C06004F6099 /* Resources */,
			);
			buildRules = (
			);
			dependencies = (
				B0D76E882A487C06004F6099 /* PBXTargetDependency */,
			);
			name = 16_testUITests;
			productName = 16_testUITests;
			productReference = B0D76E862A487C06004F6099 /* 16_testUITests.xctest */;
			productType = "com.apple.product-type.bundle.ui-testing";
		};
/* End PBXNativeTarget section */

/* Begin PBXProject section */
		B0D76E5E2A487C06004F6099 /* Project object */ = {
			isa = PBXProject;
			attributes = {
				BuildIndependentTargetsInParallel = 1;
				LastSwiftUpdateCheck = 1340;
				LastUpgradeCheck = 1340;
				TargetAttributes = {
					B0D76E652A487C06004F6099 = {
						CreatedOnToolsVersion = 13.4.1;
					};
					B0D76E7B2A487C06004F6099 = {
						CreatedOnToolsVersion = 13.4.1;
						TestTargetID = B0D76E652A487C06004F6099;
					};
					B0D76E852A487C06004F6099 = {
						CreatedOnToolsVersion = 13.4.1;
						TestTargetID = B0D76E652A487C06004F6099;
					};
				};
			};
			buildConfigurationList = B0D76E612A487C06004F6099 /* Build configuration list for PBXProject "16_test" */;
			compatibilityVersion = "Xcode 13.0";
			developmentRegion = en;
			hasScannedForEncodings = 0;
			knownRegions = (
				en,
				Base,
			);
			mainGroup = B0D76E5D2A487C06004F6099;
			productRefGroup = B0D76E672A487C06004F6099 /* Products */;
			projectDirPath = "";
			projectRoot = "";
			targets = (
				B0D76E652A487C06004F6099 /* 16_test */,
				B0D76E7B2A487C06004F6099 /* 16_testTests */,
				B0D76E852A487C06004F6099 /* 16_testUITests */,
			);
		};
/* End PBXProject section */

/* Begin PBXResourcesBuildPhase section */
		B0D76E642A487C06004F6099 /* Resources */ = {
			isa = PBXResourcesBuildPhase;
			buildActionMask = 2147483647;
			files = (
				B0D76E762A487C06004F6099 /* LaunchScreen.storyboard in Resources */,
				B0D76E732A487C06004F6099 /* Assets.xcassets in Resources */,
				B0D76E712A487C06004F6099 /* Main.storyboard in Resources */,
			);
			runOnlyForDeploymentPostprocessing = 0;
		};
		B0D76E7A2A487C06004F6099 /* Resources */ = {
			isa = PBXResourcesBuildPhase;
			buildActionMask = 2147483647;
			files = (
			);
			runOnlyForDeploymentPostprocessing = 0;
		};
		B0D76E842A487C06004F6099 /* Resources */ = {
			isa = PBXResourcesBuildPhase;
			buildActionMask = 2147483647;
			files = (
			);
			runOnlyForDeploymentPostprocessing = 0;
		};
/* End PBXResourcesBuildPhase section */

/* Begin PBXSourcesBuildPhase section */
		B0D76E622A487C06004F6099 /* Sources */ = {
			isa = PBXSourcesBuildPhase;
			buildActionMask = 2147483647;
			files = (
				B0D76E6E2A487C06004F6099 /* ViewController.swift in Sources */,
				B0D76E6A2A487C06004F6099 /* AppDelegate.swift in Sources */,
				B0D76E6C2A487C06004F6099 /* SceneDelegate.swift in Sources */,
			);
			runOnlyForDeploymentPostprocessing = 0;
		};
		B0D76E782A487C06004F6099 /* Sources */ = {
			isa = PBXSourcesBuildPhase;
			buildActionMask = 2147483647;
			files = (
				B0D76E812A487C06004F6099 /* _6_testTests.swift in Sources */,
			);
			runOnlyForDeploymentPostprocessing = 0;
		};
		B0D76E822A487C06004F6099 /* Sources */ = {
			isa = PBXSourcesBuildPhase;
			buildActionMask = 2147483647;
			files = (
				B0D76E8B2A487C06004F6099 /* _6_testUITests.swift in Sources */,
				B0D76E8D2A487C06004F6099 /* _6_testUITestsLaunchTests.swift in Sources */,
			);
			runOnlyForDeploymentPostprocessing = 0;
		};
/* End PBXSourcesBuildPhase section */

/* Begin PBXTargetDependency section */
		B0D76E7E2A487C06004F6099 /* PBXTargetDependency */ = {
			isa = PBXTargetDependency;
			target = B0D76E652A487C06004F6099 /* 16_test */;
			targetProxy = B0D76E7D2A487C06004F6099 /* PBXContainerItemProxy */;
		};
		B0D76E882A487C06004F6099 /* PBXTargetDependency */ = {
			isa = PBXTargetDependency;
			target = B0D76E652A487C06004F6099 /* 16_test */;
			targetProxy = B0D76E872A487C06004F6099 /* PBXContainerItemProxy */;
		};
/* End PBXTargetDependency section */

/* Begin PBXVariantGroup section */
		B0D76E6F2A487C06004F6099 /* Main.storyboard */ = {
			isa = PBXVariantGroup;
			children = (
				B0D76E702A487C06004F6099 /* Base */,
			);
			name = Main.storyboard;
			sourceTree = "<group>";
		};
		B0D76E742A487C06004F6099 /* LaunchScreen.storyboard */ = {
			isa = PBXVariantGroup;
			children = (
				B0D76E752A487C06004F6099 /* Base */,
			);
			name = LaunchScreen.storyboard;
			sourceTree = "<group>";
		};
/* End PBXVariantGroup section */

/* Begin XCBuildConfiguration section */
		B0D76E8E2A487C06004F6099 /* Debug */ = {
			isa = XCBuildConfiguration;
			buildSettings = {
				ALWAYS_SEARCH_USER_PATHS = NO;
				CLANG_ANALYZER_NONNULL = YES;
				CLANG_ANALYZER_NUMBER_OBJECT_CONVERSION = YES_AGGRESSIVE;
				CLANG_CXX_LANGUAGE_STANDARD = "gnu++17";
				CLANG_ENABLE_MODULES = YES;
				CLANG_ENABLE_OBJC_ARC = YES;
				CLANG_ENABLE_OBJC_WEAK = YES;
				CLANG_WARN_BLOCK_CAPTURE_AUTORELEASING = YES;
				CLANG_WARN_BOOL_CONVERSION = YES;
				CLANG_WARN_COMMA = YES;
				CLANG_WARN_CONSTANT_CONVERSION = YES;
				CLANG_WARN_DEPRECATED_OBJC_IMPLEMENTATIONS = YES;
				CLANG_WARN_DIRECT_OBJC_ISA_USAGE = YES_ERROR;
				CLANG_WARN_DOCUMENTATION_COMMENTS = YES;
				CLANG_WARN_EMPTY_BODY = YES;
				CLANG_WARN_ENUM_CONVERSION = YES;
				CLANG_WARN_INFINITE_RECURSION = YES;
				CLANG_WARN_INT_CONVERSION = YES;
				CLANG_WARN_NON_LITERAL_NULL_CONVERSION = YES;
				CLANG_WARN_OBJC_IMPLICIT_RETAIN_SELF = YES;
				CLANG_WARN_OBJC_LITERAL_CONVERSION = YES;
				CLANG_WARN_OBJC_ROOT_CLASS = YES_ERROR;
				CLANG_WARN_QUOTED_INCLUDE_IN_FRAMEWORK_HEADER = YES;
				CLANG_WARN_RANGE_LOOP_ANALYSIS = YES;
				CLANG_WARN_STRICT_PROTOTYPES = YES;
				CLANG_WARN_SUSPICIOUS_MOVE = YES;
				CLANG_WARN_UNGUARDED_AVAILABILITY = YES_AGGRESSIVE;
				CLANG_WARN_UNREACHABLE_CODE = YES;
				CLANG_WARN__DUPLICATE_METHOD_MATCH = YES;
				COPY_PHASE_STRIP = NO;
				DEBUG_INFORMATION_FORMAT = dwarf;
				ENABLE_STRICT_OBJC_MSGSEND = YES;
				ENABLE_TESTABILITY = YES;
				GCC_C_LANGUAGE_STANDARD = gnu11;
				GCC_DYNAMIC_NO_PIC = NO;
				GCC_NO_COMMON_BLOCKS = YES;
				GCC_OPTIMIZATION_LEVEL = 0;
				GCC_PREPROCESSOR_DEFINITIONS = (
					"DEBUG=1",
					"$(inherited)",
				);
				GCC_WARN_64_TO_32_BIT_CONVERSION = YES;
				GCC_WARN_ABOUT_RETURN_TYPE = YES_ERROR;
				GCC_WARN_UNDECLARED_SELECTOR = YES;
				GCC_WARN_UNINITIALIZED_AUTOS = YES_AGGRESSIVE;
				GCC_WARN_UNUSED_FUNCTION = YES;
				GCC_WARN_UNUSED_VARIABLE = YES;
				IPHONEOS_DEPLOYMENT_TARGET = 15.5;
				MTL_ENABLE_DEBUG_INFO = INCLUDE_SOURCE;
				MTL_FAST_MATH = YES;
				ONLY_ACTIVE_ARCH = YES;
				SDKROOT = iphoneos;
				SWIFT_ACTIVE_COMPILATION_CONDITIONS = DEBUG;
				SWIFT_OPTIMIZATION_LEVEL = "-Onone";
			};
			name = Debug;
		};
		B0D76E8F2A487C06004F6099 /* Release */ = {
			isa = XCBuildConfiguration;
			buildSettings = {
				ALWAYS_SEARCH_USER_PATHS = NO;
				CLANG_ANALYZER_NONNULL = YES;
				CLANG_ANALYZER_NUMBER_OBJECT_CONVERSION = YES_AGGRESSIVE;
				CLANG_CXX_LANGUAGE_STANDARD = "gnu++17";
				CLANG_ENABLE_MODULES = YES;
				CLANG_ENABLE_OBJC_ARC = YES;
				CLANG_ENABLE_OBJC_WEAK = YES;
				CLANG_WARN_BLOCK_CAPTURE_AUTORELEASING = YES;
				CLANG_WARN_BOOL_CONVERSION = YES;
				CLANG_WARN_COMMA = YES;
				CLANG_WARN_CONSTANT_CONVERSION = YES;
				CLANG_WARN_DEPRECATED_OBJC_IMPLEMENTATIONS = YES;
				CLANG_WARN_DIRECT_OBJC_ISA_USAGE = YES_ERROR;
				CLANG_WARN_DOCUMENTATION_COMMENTS = YES;
				CLANG_WARN_EMPTY_BODY = YES;
				CLANG_WARN_ENUM_CONVERSION = YES;
				CLANG_WARN_INFINITE_RECURSION = YES;
				CLANG_WARN_INT_CONVERSION = YES;
				CLANG_WARN_NON_LITERAL_NULL_CONVERSION = YES;
				CLANG_WARN_OBJC_IMPLICIT_RETAIN_SELF = YES;
				CLANG_WARN_OBJC_LITERAL_CONVERSION = YES;
				CLANG_WARN_OBJC_ROOT_CLASS = YES_ERROR;
				CLANG_WARN_QUOTED_INCLUDE_IN_FRAMEWORK_HEADER = YES;
				CLANG_WARN_RANGE_LOOP_ANALYSIS = YES;
				CLANG_WARN_STRICT_PROTOTYPES = YES;
				CLANG_WARN_SUSPICIOUS_MOVE = YES;
				CLANG_WARN_UNGUARDED_AVAILABILITY = YES_AGGRESSIVE;
				CLANG_WARN_UNREACHABLE_CODE = YES;
				CLANG_WARN__DUPLICATE_METHOD_MATCH = YES;
				COPY_PHASE_STRIP = NO;
				DEBUG_INFORMATION_FORMAT = "dwarf-with-dsym";
				ENABLE_NS_ASSERTIONS = NO;
				ENABLE_STRICT_OBJC_MSGSEND = YES;
				GCC_C_LANGUAGE_STANDARD = gnu11;
				GCC_NO_COMMON_BLOCKS = YES;
				GCC_WARN_64_TO_32_BIT_CONVERSION = YES;
				GCC_WARN_ABOUT_RETURN_TYPE = YES_ERROR;
				GCC_WARN_UNDECLARED_SELECTOR = YES;
				GCC_WARN_UNINITIALIZED_AUTOS = YES_AGGRESSIVE;
				GCC_WARN_UNUSED_FUNCTION = YES;
				GCC_WARN_UNUSED_VARIABLE = YES;
				IPHONEOS_DEPLOYMENT_TARGET = 15.5;
				MTL_ENABLE_DEBUG_INFO = NO;
				MTL_FAST_MATH = YES;
				SDKROOT = iphoneos;
				SWIFT_COMPILATION_MODE = wholemodule;
				SWIFT_OPTIMIZATION_LEVEL = "-O";
				VALIDATE_PRODUCT = YES;
			};
			name = Release;
		};
		B0D76E912A487C06004F6099 /* Debug */ = {
			isa = XCBuildConfiguration;
			buildSettings = {
				ASSETCATALOG_COMPILER_APPICON_NAME = AppIcon;
				ASSETCATALOG_COMPILER_GLOBAL_ACCENT_COLOR_NAME = AccentColor;
				CODE_SIGN_STYLE = Automatic;
				CURRENT_PROJECT_VERSION = 1;
				DEVELOPMENT_TEAM = W998B7H3X5;
				GENERATE_INFOPLIST_FILE = YES;
				INFOPLIST_FILE = 16_test/Info.plist;
				INFOPLIST_KEY_UIApplicationSupportsIndirectInputEvents = YES;
				INFOPLIST_KEY_UILaunchStoryboardName = LaunchScreen;
				INFOPLIST_KEY_UIMainStoryboardFile = Main;
				INFOPLIST_KEY_UISupportedInterfaceOrientations_iPad = "UIInterfaceOrientationPortrait UIInterfaceOrientationPortraitUpsideDown UIInterfaceOrientationLandscapeLeft UIInterfaceOrientationLandscapeRight";
				INFOPLIST_KEY_UISupportedInterfaceOrientations_iPhone = "UIInterfaceOrientationPortrait UIInterfaceOrientationLandscapeLeft UIInterfaceOrientationLandscapeRight";
				IPHONEOS_DEPLOYMENT_TARGET = 15.0;
				LD_RUNPATH_SEARCH_PATHS = (
					"$(inherited)",
					"@executable_path/Frameworks",
				);
				MARKETING_VERSION = 1.0;
				PRODUCT_BUNDLE_IDENTIFIER = "hdy.-6-test";
				PRODUCT_NAME = "$(TARGET_NAME)";
				SWIFT_EMIT_LOC_STRINGS = YES;
				SWIFT_VERSION = 5.0;
				TARGETED_DEVICE_FAMILY = "1,2";
			};
			name = Debug;
		};
		B0D76E922A487C06004F6099 /* Release */ = {
			isa = XCBuildConfiguration;
			buildSettings = {
				ASSETCATALOG_COMPILER_APPICON_NAME = AppIcon;
				ASSETCATALOG_COMPILER_GLOBAL_ACCENT_COLOR_NAME = AccentColor;
				CODE_SIGN_STYLE = Automatic;
				CURRENT_PROJECT_VERSION = 1;
				DEVELOPMENT_TEAM = W998B7H3X5;
				GENERATE_INFOPLIST_FILE = YES;
				INFOPLIST_FILE = 16_test/Info.plist;
				INFOPLIST_KEY_UIApplicationSupportsIndirectInputEvents = YES;
				INFOPLIST_KEY_UILaunchStoryboardName = LaunchScreen;
				INFOPLIST_KEY_UIMainStoryboardFile = Main;
				INFOPLIST_KEY_UISupportedInterfaceOrientations_iPad = "UIInterfaceOrientationPortrait UIInterfaceOrientationPortraitUpsideDown UIInterfaceOrientationLandscapeLeft UIInterfaceOrientationLandscapeRight";
				INFOPLIST_KEY_UISupportedInterfaceOrientations_iPhone = "UIInterfaceOrientationPortrait UIInterfaceOrientationLandscapeLeft UIInterfaceOrientationLandscapeRight";
				IPHONEOS_DEPLOYMENT_TARGET = 15.0;
				LD_RUNPATH_SEARCH_PATHS = (
					"$(inherited)",
					"@executable_path/Frameworks",
				);
				MARKETING_VERSION = 1.0;
				PRODUCT_BUNDLE_IDENTIFIER = "hdy.-6-test";
				PRODUCT_NAME = "$(TARGET_NAME)";
				SWIFT_EMIT_LOC_STRINGS = YES;
				SWIFT_VERSION = 5.0;
				TARGETED_DEVICE_FAMILY = "1,2";
			};
			name = Release;
		};
		B0D76E942A487C06004F6099 /* Debug */ = {
			isa = XCBuildConfiguration;
			buildSettings = {
				ALWAYS_EMBED_SWIFT_STANDARD_LIBRARIES = YES;
				BUNDLE_LOADER = "$(TEST_HOST)";
				CODE_SIGN_STYLE = Automatic;
				CURRENT_PROJECT_VERSION = 1;
				GENERATE_INFOPLIST_FILE = YES;
				IPHONEOS_DEPLOYMENT_TARGET = 15.5;
				MARKETING_VERSION = 1.0;
				PRODUCT_BUNDLE_IDENTIFIER = "hdy.-6-testTests";
				PRODUCT_NAME = "$(TARGET_NAME)";
				SWIFT_EMIT_LOC_STRINGS = NO;
				SWIFT_VERSION = 5.0;
				TARGETED_DEVICE_FAMILY = "1,2";
				TEST_HOST = "$(BUILT_PRODUCTS_DIR)/16_test.app/16_test";
			};
			name = Debug;
		};
		B0D76E952A487C06004F6099 /* Release */ = {
			isa = XCBuildConfiguration;
			buildSettings = {
				ALWAYS_EMBED_SWIFT_STANDARD_LIBRARIES = YES;
				BUNDLE_LOADER = "$(TEST_HOST)";
				CODE_SIGN_STYLE = Automatic;
				CURRENT_PROJECT_VERSION = 1;
				GENERATE_INFOPLIST_FILE = YES;
				IPHONEOS_DEPLOYMENT_TARGET = 15.5;
				MARKETING_VERSION = 1.0;
				PRODUCT_BUNDLE_IDENTIFIER = "hdy.-6-testTests";
				PRODUCT_NAME = "$(TARGET_NAME)";
				SWIFT_EMIT_LOC_STRINGS = NO;
				SWIFT_VERSION = 5.0;
				TARGETED_DEVICE_FAMILY = "1,2";
				TEST_HOST = "$(BUILT_PRODUCTS_DIR)/16_test.app/16_test";
			};
			name = Release;
		};
		B0D76E972A487C06004F6099 /* Debug */ = {
			isa = XCBuildConfiguration;
			buildSettings = {
				ALWAYS_EMBED_SWIFT_STANDARD_LIBRARIES = YES;
				CODE_SIGN_STYLE = Automatic;
				CURRENT_PROJECT_VERSION = 1;
				GENERATE_INFOPLIST_FILE = YES;
				MARKETING_VERSION = 1.0;
				PRODUCT_BUNDLE_IDENTIFIER = "hdy.-6-testUITests";
				PRODUCT_NAME = "$(TARGET_NAME)";
				SWIFT_EMIT_LOC_STRINGS = NO;
				SWIFT_VERSION = 5.0;
				TARGETED_DEVICE_FAMILY = "1,2";
				TEST_TARGET_NAME = 16_test;
			};
			name = Debug;
		};
		B0D76E982A487C06004F6099 /* Release */ = {
			isa = XCBuildConfiguration;
			buildSettings = {
				ALWAYS_EMBED_SWIFT_STANDARD_LIBRARIES = YES;
				CODE_SIGN_STYLE = Automatic;
				CURRENT_PROJECT_VERSION = 1;
				GENERATE_INFOPLIST_FILE = YES;
				MARKETING_VERSION = 1.0;
				PRODUCT_BUNDLE_IDENTIFIER = "hdy.-6-testUITests";
				PRODUCT_NAME = "$(TARGET_NAME)";
				SWIFT_EMIT_LOC_STRINGS = NO;
				SWIFT_VERSION = 5.0;
				TARGETED_DEVICE_FAMILY = "1,2";
				TEST_TARGET_NAME = 16_test;
			};
			name = Release;
		};
/* End XCBuildConfiguration section */

/* Begin XCConfigurationList section */
		B0D76E612A487C06004F6099 /* Build configuration list for PBXProject "16_test" */ = {
			isa = XCConfigurationList;
			buildConfigurations = (
				B0D76E8E2A487C06004F6099 /* Debug */,
				B0D76E8F2A487C06004F6099 /* Release */,
			);
			defaultConfigurationIsVisible = 0;
			defaultConfigurationName = Release;
		};
		B0D76E902A487C06004F6099 /* Build configuration list for PBXNativeTarget "16_test" */ = {
			isa = XCConfigurationList;
			buildConfigurations = (
				B0D76E912A487C06004F6099 /* Debug */,
				B0D76E922A487C06004F6099 /* Release */,
			);
			defaultConfigurationIsVisible = 0;
			defaultConfigurationName = Release;
		};
		B0D76E932A487C06004F6099 /* Build configuration list for PBXNativeTarget "16_testTests" */ = {
			isa = XCConfigurationList;
			buildConfigurations = (
				B0D76E942A487C06004F6099 /* Debug */,
				B0D76E952A487C06004F6099 /* Release */,
			);
			defaultConfigurationIsVisible = 0;
			defaultConfigurationName = Release;
		};
		B0D76E962A487C06004F6099 /* Build configuration list for PBXNativeTarget "16_testUITests" */ = {
			isa = XCConfigurationList;
			buildConfigurations = (
				B0D76E972A487C06004F6099 /* Debug */,
				B0D76E982A487C06004F6099 /* Release */,
			);
			defaultConfigurationIsVisible = 0;
			defaultConfigurationName = Release;
		};
/* End XCConfigurationList section */
	};
	rootObject = B0D76E5E2A487C06004F6099 /* Project object */;
}
